
Microsoft Visual Studio Solution File, Format Version 12.00
# Visual Studio 2012
Project("{FAE04EC0-301F-11D3-BF4B-00C04F79EFBC}") = "MyProgressBar", "MyProgressBar\MyProgressBar.csproj", "{4425C350-1630-4359-B766-56511A23377C}"
EndProject
Project("{FAE04EC0-301F-11D3-BF4B-00C04F79EFBC}") = "LongRunningTask", "LongRunningTask\LongRunningTask.csproj", "{7F6341D8-E755-4957-AA4D-CE6236623307}"
EndProject
Global
	GlobalSection(SolutionConfigurationPlatforms) = preSolution
		Debug|Any CPU = Debug|Any CPU
		Release|Any CPU = Release|Any CPU
	EndGlobalSection
	GlobalSection(ProjectConfigurationPlatforms) = postSolution
		{4425C350-1630-4359-B766-56511A23377C}.Debug|Any CPU.ActiveCfg = Debug|Any CPU
		{4425C350-1630-4359-B766-56511A23377C}.Debug|Any CPU.Build.0 = Debug|Any CPU
		{4425C350-1630-4359-B766-56511A23377C}.Release|Any CPU.ActiveCfg = Release|Any CPU
		{4425C350-1630-4359-B766-56511A23377C}.Release|Any CPU.Build.0 = Release|Any CPU
		{7F6341D8-E755-4957-AA4D-CE6236623307}.Debug|Any CPU.ActiveCfg = Debug|Any CPU
		{7F6341D8-E755-4957-AA4D-CE6236623307}.Debug|Any CPU.Build.0 = Debug|Any CPU
		{7F6341D8-E755-4957-AA4D-CE6236623307}.Release|Any CPU.ActiveCfg = Release|Any CPU
		{7F6341D8-E755-4957-AA4D-CE6236623307}.Release|Any CPU.Build.0 = Release|Any CPU
	EndGlobalSection
	GlobalSection(SolutionProperties) = preSolution
		HideSolutionNode = FALSE
	EndGlobalSection
EndGlobal
